# This file is automatically @generated by Poetry and should not be changed by hand.

[[package]]
name = "grpcio"
version = "1.26.0"
description = "HTTP/2-based RPC framework"
category = "main"
optional = false
python-versions = "*"
files = [
    {file = "grpcio-1.26.0-cp27-cp27m-macosx_10_9_x86_64.whl", hash = "sha256:f6580a8a4f5e701289b45fd62a8f6cb5ec41e4d77082424f8b676806dcd22564"},
    {file = "grpcio-1.26.0-cp27-cp27m-manylinux1_i686.whl", hash = "sha256:cd3d3e328f20f7c807a862620c6ee748e8d57ba2a8fc960d48337ed71c6d9d32"},
    {file = "grpcio-1.26.0-cp27-cp27m-manylinux1_x86_64.whl", hash = "sha256:bfd7d3130683a1a0a50c456273c21ec8a604f2d043b241a55235a78a0090ee06"},
    {file = "grpcio-1.26.0-cp27-cp27m-manylinux2010_i686.whl", hash = "sha256:99fd873699df17cb11c542553270ae2b32c169986e475df0d68a8629b8ef4df7"},
    {file = "grpcio-1.26.0-cp27-cp27m-manylinux2010_x86_64.whl", hash = "sha256:6edda1b96541187f73aab11800d25f18ee87e53d5f96bb74473873072bf28a0e"},
    {file = "grpcio-1.26.0-cp27-cp27m-win32.whl", hash = "sha256:ffec45b0db18a555fdfe0c6fa2d0a3fceb751b22b31e8fcd14ceed7bde05481e"},
    {file = "grpcio-1.26.0-cp27-cp27m-win_amd64.whl", hash = "sha256:066630f6b62bffa291dacbee56994279a6a3682b8a11967e9ccaf3cc770fc11e"},
    {file = "grpcio-1.26.0-cp27-cp27mu-linux_armv7l.whl", hash = "sha256:5b0fa09efb33e2af4e8822b4eb8b2cbc201d562e3e185c439be7eaeee2e8b8aa"},
    {file = "grpcio-1.26.0-cp27-cp27mu-manylinux1_i686.whl", hash = "sha256:c6c2db348ac73d73afe14e0833b18abbbe920969bf2c5c03c0922719f8020d06"},
    {file = "grpcio-1.26.0-cp27-cp27mu-manylinux1_x86_64.whl", hash = "sha256:bdb2f3dcb664f0c39ef1312cd6acf6bc6375252e4420cf8f36fff4cb4fa55c71"},
    {file = "grpcio-1.26.0-cp27-cp27mu-manylinux2010_i686.whl", hash = "sha256:d9542366a0917b9b48bab1fee481ac01f56bdffc52437b598c09e7840148a6a9"},
    {file = "grpcio-1.26.0-cp27-cp27mu-manylinux2010_x86_64.whl", hash = "sha256:d1a481777952e4f99b8a6956581f3ee866d7614100d70ae6d7e07327570b85ce"},
    {file = "grpcio-1.26.0-cp35-cp35m-linux_armv7l.whl", hash = "sha256:57be5a6c509a406fe0ffa6f8b86904314c77b5e2791be8123368ad2ebccec874"},
    {file = "grpcio-1.26.0-cp35-cp35m-macosx_10_7_intel.whl", hash = "sha256:6d8ab28559be98b02f8b3a154b53239df1aa5b0d28ff865ae5be4f30e7ed4d3f"},
    {file = "grpcio-1.26.0-cp35-cp35m-manylinux1_i686.whl", hash = "sha256:cb7a4b41b5e2611f85c3402ac364f1d689f5d7ecbc24a55ef010eedcd6cf460f"},
    {file = "grpcio-1.26.0-cp35-cp35m-manylinux1_x86_64.whl", hash = "sha256:2f78ebf340eaf28fa09aba0f836a8b869af1716078dfe8f3b3f6ff785d8f2b0f"},
    {file = "grpcio-1.26.0-cp35-cp35m-manylinux2010_i686.whl", hash = "sha256:d1d49720ed636920bb3d74cedf549382caa9ad55aea89d1de99d817068d896b2"},
    {file = "grpcio-1.26.0-cp35-cp35m-manylinux2010_x86_64.whl", hash = "sha256:33a07a1a8e817d733588dbd18e567caad1a6fe0d440c165619866cd490c7911a"},
    {file = "grpcio-1.26.0-cp35-cp35m-win32.whl", hash = "sha256:d44c34463a7c481e076f691d8fa25d080c3486978c2c41dca09a8dd75296c2d7"},
    {file = "grpcio-1.26.0-cp35-cp35m-win_amd64.whl", hash = "sha256:b6fda5674f990e15e1bcaacf026428cf50bce36e708ddcbd1de9673b14aab760"},
    {file = "grpcio-1.26.0-cp36-cp36m-linux_armv7l.whl", hash = "sha256:d7e5b7af1350e9c8c17a7baf99d575fbd2de69f7f0b0e6ebd47b57506de6493a"},
    {file = "grpcio-1.26.0-cp36-cp36m-macosx_10_9_x86_64.whl", hash = "sha256:0a0fb2f8e3a13537106bc77e4c63005bc60124a6203034304d9101921afa4e90"},
    {file = "grpcio-1.26.0-cp36-cp36m-manylinux1_i686.whl", hash = "sha256:9939727d9ae01690b24a2b159ac9dbca7b7e8e6edd5af6a6eb709243cae7b52b"},
    {file = "grpcio-1.26.0-cp36-cp36m-manylinux1_x86_64.whl", hash = "sha256:ed10e5fad105ecb0b12822f924e62d0deb07f46683a0b64416b17fd143daba1d"},
    {file = "grpcio-1.26.0-cp36-cp36m-manylinux2010_i686.whl", hash = "sha256:1c6e0f6b9d091e3717e9a58d631c8bb4898be3b261c2a01fe46371fdc271052f"},
    {file = "grpcio-1.26.0-cp36-cp36m-manylinux2010_x86_64.whl", hash = "sha256:d42433f0086cccd192114343473d7dbd4aae9141794f939e2b7b83efc57543db"},
    {file = "grpcio-1.26.0-cp36-cp36m-win32.whl", hash = "sha256:df7cdfb40179acc9790a462c049e0b8e109481164dd7ad1a388dd67ff1528759"},
    {file = "grpcio-1.26.0-cp36-cp36m-win_amd64.whl", hash = "sha256:6a43d2f2ff8250f200fdf7aa31fa191a997922aa9ea1182453acd705ad83ab72"},
    {file = "grpcio-1.26.0-cp37-cp37m-macosx_10_9_x86_64.whl", hash = "sha256:f7b83e4b2842d44fce3cdc0d54db7a7e0d169a598751bf393601efaa401c83e0"},
    {file = "grpcio-1.26.0-cp37-cp37m-manylinux1_i686.whl", hash = "sha256:f0ec5371ce2363b03531ed522bfbe691ec940f51f0e111f0500fc0f44518c69d"},
    {file = "grpcio-1.26.0-cp37-cp37m-manylinux1_x86_64.whl", hash = "sha256:42b903a3596a10e2a3727bae2a76f8aefd324d498424b843cfa9606847faea7b"},
    {file = "grpcio-1.26.0-cp37-cp37m-manylinux2010_i686.whl", hash = "sha256:0c61b74dcfb302613926e785cb3542a0905b9a3a86e9410d8cf5d25e25e10104"},
    {file = "grpcio-1.26.0-cp37-cp37m-manylinux2010_x86_64.whl", hash = "sha256:8d866aafb08657c456a18c4a31c8526ea62de42427c242b58210b9eae6c64559"},
    {file = "grpcio-1.26.0-cp37-cp37m-win32.whl", hash = "sha256:13383bd70618da03684a8aafbdd9e3d9a6720bf8c07b85d0bc697afed599d8f0"},
    {file = "grpcio-1.26.0-cp37-cp37m-win_amd64.whl", hash = "sha256:4fffbb58134c4f23e5a8312ac3412db6f5e39e961dc0eb5e3115ce5aa16bf927"},
    {file = "grpcio-1.26.0-cp38-cp38-macosx_10_9_x86_64.whl", hash = "sha256:7109c8738a8a3c98cfb5dda1c45642a8d6d35dc00d257ab7a175099b2b4daecd"},
    {file = "grpcio-1.26.0-cp38-cp38-manylinux1_i686.whl", hash = "sha256:e1a9d9d2e7224d981aea8da79260c7f6932bf31ce1f99b7ccfa5eceeb30dc5d0"},
    {file = "grpcio-1.26.0-cp38-cp38-manylinux1_x86_64.whl", hash = "sha256:6e47866b7dc14ca3a12d40c1d6082e7bea964670f1c5315ea0fb8b0550244d64"},
    {file = "grpcio-1.26.0-cp38-cp38-manylinux2010_i686.whl", hash = "sha256:07e95762ca6b18afbeb3aa2793e827c841152d5e507089b1db0b18304edda105"},
    {file = "grpcio-1.26.0-cp38-cp38-manylinux2010_x86_64.whl", hash = "sha256:2da5cee9faf17bb8daf500cd0d28a17ae881ab5500f070a6aace457f4c08cac4"},
    {file = "grpcio-1.26.0-cp38-cp38-win32.whl", hash = "sha256:3d090c66af9c065b7228b07c3416f93173e9839b1d40bb0ce3dd2aa783645026"},
    {file = "grpcio-1.26.0-cp38-cp38-win_amd64.whl", hash = "sha256:1cf710c04689daa5cc1e598efba00b028215700dcc1bf66fcb7b4f64f2ea5d5f"},
    {file = "grpcio-1.26.0.tar.gz", hash = "sha256:5ef42dfc18f9a63a06aca938770b69470bb322e4c137cf08cf21703d1ef4ae5c"},
]

[package.dependencies]
six = ">=1.5.2"

[[package]]
name = "grpcio-tools"
version = "1.26.0"
description = "Protobuf code generator for gRPC"
category = "main"
optional = false
python-versions = "*"
files = [
    {file = "grpcio-tools-1.26.0.tar.gz", hash = "sha256:5580b86cf49936c9c74f0def44d3582a7a1bb720eba8a14805c3a61efa790c70"},
    {file = "grpcio_tools-1.26.0-cp27-cp27m-macosx_10_9_x86_64.whl", hash = "sha256:809d60f15a32c21dc221ddb591aff8adfdde4e05095414eb8e015cdfef361615"},
    {file = "grpcio_tools-1.26.0-cp27-cp27m-manylinux1_i686.whl", hash = "sha256:675918f83fa35bd54f4c29d95d8652c6215d5e95a13b6f14e626cdef6d0fce79"},
    {file = "grpcio_tools-1.26.0-cp27-cp27m-manylinux1_x86_64.whl", hash = "sha256:826c19f26b41e99691e77823ad67f04dc0b69e514212907695e330c6f106415c"},
    {file = "grpcio_tools-1.26.0-cp27-cp27m-manylinux2010_i686.whl", hash = "sha256:4e9a1276f8699d06518cec8caceb2c423fc7f971765cab7550d39f281795fd81"},
    {file = "grpcio_tools-1.26.0-cp27-cp27m-manylinux2010_x86_64.whl", hash = "sha256:51ac9c4f8a542cd20c6776fde781c84c0acd8faba55ec14f121c6b4eb4245e89"},
    {file = "grpcio_tools-1.26.0-cp27-cp27m-win32.whl", hash = "sha256:a209002e3d4787f0e90e29f15cddbe83dc9054238c0da7f539c913002a348cc1"},
    {file = "grpcio_tools-1.26.0-cp27-cp27m-win_amd64.whl", hash = "sha256:376a1840d1f5d25e9c3391557d6b3eeb3de17be697b0e55d8247d0262fcbaacf"},
    {file = "grpcio_tools-1.26.0-cp27-cp27mu-linux_armv7l.whl", hash = "sha256:bba8d3b61ec113bb94596599d2568217b22ddfc7baa46c00dec5106cfd4e914b"},
    {file = "grpcio_tools-1.26.0-cp27-cp27mu-manylinux1_i686.whl", hash = "sha256:1e80f74854bd1c7263942e836d69f95ffc66bb45bf14bf3e1ab61113271b5884"},
    {file = "grpcio_tools-1.26.0-cp27-cp27mu-manylinux1_x86_64.whl", hash = "sha256:dcbd1fbb540638c9ad9c3a071b392b654f79666a2bc12808080b0e9f674b9a80"},
    {file = "grpcio_tools-1.26.0-cp27-cp27mu-manylinux2010_i686.whl", hash = "sha256:6cea124cbd9081a587e1954b98e9a27c7cca6ae72babc3046ab6b439a5730679"},
    {file = "grpcio_tools-1.26.0-cp27-cp27mu-manylinux2010_x86_64.whl", hash = "sha256:ab841c69581085b6f9aa54044a13db6ec31183513f7cce0862d29c9b7b4e3c64"},
    {file = "grpcio_tools-1.26.0-cp35-cp35m-linux_armv7l.whl", hash = "sha256:1783b8fa74f58a643e7780112fc4eb6110789672e852a691fad6af6b94a90c4a"},
    {file = "grpcio_tools-1.26.0-cp35-cp35m-macosx_10_9_intel.whl", hash = "sha256:033a4e80dc78d9c11860800bd5a66b65ff385be8f669e96b02e795364c860597"},
    {file = "grpcio_tools-1.26.0-cp35-cp35m-manylinux1_i686.whl", hash = "sha256:eae371a663ceeef8f930323a120a9d11e13e1c49903a66ddb4ada4830d5bcb7d"},
    {file = "grpcio_tools-1.26.0-cp35-cp35m-manylinux1_x86_64.whl", hash = "sha256:b97e74ffe121dfa9ae7ec94393fce4e95e9e0a343827663e989dc4b7c918d1a5"},
    {file = "grpcio_tools-1.26.0-cp35-cp35m-manylinux2010_i686.whl", hash = "sha256:da75e33e185c8be17a82ec4a97f5c75ec05d57e85f8b285f86e2a22484849e4a"},
    {file = "grpcio_tools-1.26.0-cp35-cp35m-manylinux2010_x86_64.whl", hash = "sha256:facb8c588cdd6adc51ae7545f59283565dae8d946c6163e578b70ab6bf161215"},
    {file = "grpcio_tools-1.26.0-cp35-cp35m-win32.whl", hash = "sha256:68259fd06188951d152665ffe44f9660edd715c102ae4bc4216eca4c4666dadf"},
    {file = "grpcio_tools-1.26.0-cp35-cp35m-win_amd64.whl", hash = "sha256:d396fdb7026986e6d3897bb207cc7d5bc536a82a2e50af806a24b3d254c73bc3"},
    {file = "grpcio_tools-1.26.0-cp36-cp36m-linux_armv7l.whl", hash = "sha256:9af72b764b41ba939e8e0a7ae9ec8a17d1c46a18797c6342cba6483f29e1790f"},
    {file = "grpcio_tools-1.26.0-cp36-cp36m-macosx_10_9_x86_64.whl", hash = "sha256:9a2091371298f04ef350f776365945537d0befa95bad5623d80c4207bdff9d3a"},
    {file = "grpcio_tools-1.26.0-cp36-cp36m-manylinux1_i686.whl", hash = "sha256:7f7430434bd997584f2136a675559ba0d4afdf7cb71d9bbc429b0cc831e6828c"},
    {file = "grpcio_tools-1.26.0-cp36-cp36m-manylinux1_x86_64.whl", hash = "sha256:58a879208bd84d6819a61c1b0618655574ef9df1d63a0e2f434fdcb5cfa1fb57"},
    {file = "grpcio_tools-1.26.0-cp36-cp36m-manylinux2010_i686.whl", hash = "sha256:c15f0718cbc3986e747d5b0734198dce0ac07d188ec5e063b1e9889ac947f86e"},
    {file = "grpcio_tools-1.26.0-cp36-cp36m-manylinux2010_x86_64.whl", hash = "sha256:d62ab00dea7fa0813fc813a6c848da2eeda5cb71893b892a229d23949de0cecd"},
    {file = "grpcio_tools-1.26.0-cp36-cp36m-win32.whl", hash = "sha256:0e3b5469912430f19407ebe14cfd1bece1b5a277c4d43e1b65dbff19d9475ccc"},
    {file = "grpcio_tools-1.26.0-cp36-cp36m-win_amd64.whl", hash = "sha256:a908d5af2f26673e970c7c03703437bf95d10e88dad3322e7e267467db44a04d"},
    {file = "grpcio_tools-1.26.0-cp37-cp37m-macosx_10_9_x86_64.whl", hash = "sha256:0286f704e55e3012fec3910400fe1a4ed11aeb66d3ec4b7f8041845af7fb7206"},
    {file = "grpcio_tools-1.26.0-cp37-cp37m-manylinux1_i686.whl", hash = "sha256:6f356a445ba7afc634b1046d9f51d3ae37afbf4fe1a500285aca37677462a7b9"},
    {file = "grpcio_tools-1.26.0-cp37-cp37m-manylinux1_x86_64.whl", hash = "sha256:4ba7e5afc93b413bbb5f3dd65ba583e078ff5895a5053d825ab793cf7720ae96"},
    {file = "grpcio_tools-1.26.0-cp37-cp37m-manylinux2010_i686.whl", hash = "sha256:33c6bee5a02408018dc10a5737818d2159f14cbb0613df41cc93ba6cbaeea095"},
    {file = "grpcio_tools-1.26.0-cp37-cp37m-manylinux2010_x86_64.whl", hash = "sha256:96c6f657b93f49243d083840d27a5a686a1fc26044a80ebf8585734d5152d4ee"},
    {file = "grpcio_tools-1.26.0-cp37-cp37m-win32.whl", hash = "sha256:fb043e45f91634776acdfe4b8dfc96b636c53a458799179041ab633e15c3d833"},
    {file = "grpcio_tools-1.26.0-cp37-cp37m-win_amd64.whl", hash = "sha256:f290cccc972533a288c2ebc55eb3c0fbe0c6a0d0a9775cb34ce6bfb11fe14a11"},
    {file = "grpcio_tools-1.26.0-cp38-cp38-macosx_10_9_x86_64.whl", hash = "sha256:c56d0ac769bf1f01dbb6ec6b6492849e70cd35bdeeb660e206a70ab43917ae92"},
    {file = "grpcio_tools-1.26.0-cp38-cp38-manylinux1_i686.whl", hash = "sha256:131aa8c3862a555819428856f872ab9e919e351d7cd60c98012e12d2fb6afc45"},
    {file = "grpcio_tools-1.26.0-cp38-cp38-manylinux1_x86_64.whl", hash = "sha256:b1bc78efefb8e085c072add2c02326fdecad9b8644b3be11e715ea4c6102ad87"},
    {file = "grpcio_tools-1.26.0-cp38-cp38-manylinux2010_i686.whl", hash = "sha256:bfe0e33aea60da100b214c72c1746cc0194bb8da910004518c185041cc795543"},
    {file = "grpcio_tools-1.26.0-cp38-cp38-manylinux2010_x86_64.whl", hash = "sha256:27ae784acff3d2fa04e3b4dc72f8d60a55d654f90e410adf08f46a4d2d673dd3"},
    {file = "grpcio_tools-1.26.0-cp38-cp38-win32.whl", hash = "sha256:3922dffd8160d54dc00c7d32b30776a974cc098086493c668faffac19e752087"},
    {file = "grpcio_tools-1.26.0-cp38-cp38-win_amd64.whl", hash = "sha256:e7e90bad5466347a3648358e9f437e72d5f6d6025fe741171a88aca8b9d864df"},
]

[package.dependencies]
grpcio = ">=1.26.0"
protobuf = ">=3.5.0.post1"

[[package]]
name = "protobuf"
version = "3.18.3"
description = "Protocol Buffers"
category = "main"
optional = false
python-versions = ">=3.5"
files = [
    {file = "protobuf-3.18.3-cp36-cp36m-macosx_10_9_x86_64.whl", hash = "sha256:370a6b885e94adda021d4cbe43accdfbf6a02af651a0be337a28906a3fa77f3d"},
    {file = "protobuf-3.18.3-cp36-cp36m-manylinux_2_17_x86_64.manylinux2014_x86_64.whl", hash = "sha256:6741d7d1cfcbdd6cf610f38b7976cf8c0b41022203555298925e4061b6616608"},
    {file = "protobuf-3.18.3-cp36-cp36m-win32.whl", hash = "sha256:3149c373e9b7ce296bb24d42a3eb677d620185b5dff2c390b2cf57baf79afdc1"},
    {file = "protobuf-3.18.3-cp36-cp36m-win_amd64.whl", hash = "sha256:850da2072d98c6e576b7eb29734cdde6fd9f5d157e43d7818d79f4b373ef5d51"},
    {file = "protobuf-3.18.3-cp37-cp37m-macosx_10_9_x86_64.whl", hash = "sha256:0c44e01f74109decea196b5b313b08edb5316df77313995594a6981e95674259"},
    {file = "protobuf-3.18.3-cp37-cp37m-manylinux2014_aarch64.whl", hash = "sha256:85d1fb5ff1d638a0045bbe4f01a8f287023aa4f2b29011445b1be0edc74a2103"},
    {file = "protobuf-3.18.3-cp37-cp37m-manylinux_2_17_x86_64.manylinux2014_x86_64.whl", hash = "sha256:cde2a73b03049b904dbc5d0f500b97e11abb4109dbe2940e6a1595e2eef4e8a9"},
    {file = "protobuf-3.18.3-cp37-cp37m-win32.whl", hash = "sha256:b03966ca4d1aa7850f5bf0d841c22a8eeb6ce091f77e585ffeb8b95a6b0a96c4"},
    {file = "protobuf-3.18.3-cp37-cp37m-win_amd64.whl", hash = "sha256:d52a687e2c74c40f45abd6906f833d4e40f0f8cfa4226a80e4695fedafe6c57e"},
    {file = "protobuf-3.18.3-cp38-cp38-macosx_10_9_x86_64.whl", hash = "sha256:700787cb56b4cb7b8ed5f7d197b9d8f30080f257f3c7431eec1fdd8060660929"},
    {file = "protobuf-3.18.3-cp38-cp38-manylinux2014_aarch64.whl", hash = "sha256:e9bffd52d6ee039a1cafb72475b2900c6fd0f0dca667fb7a09af0a3e119e78cb"},
    {file = "protobuf-3.18.3-cp38-cp38-manylinux_2_17_x86_64.manylinux2014_x86_64.whl", hash = "sha256:8117b52c2531e4033f7d02b9be5a78564da41a8b02c255e1b731ad4bd75e7dc0"},
    {file = "protobuf-3.18.3-cp38-cp38-win32.whl", hash = "sha256:15cdecb0d192ab5f17cdc21a9c0ae7b5c6c4451e42c8a888a4f3344c190e369c"},
    {file = "protobuf-3.18.3-cp38-cp38-win_amd64.whl", hash = "sha256:e68ad00695547d9397dd14abd3efba23cb31cef67228f4512d41396971889812"},
    {file = "protobuf-3.18.3-cp39-cp39-macosx_10_9_x86_64.whl", hash = "sha256:474247630834f93214fafce49d2ee6ff4c036c8c5382b88432b7eae6f08f131b"},
    {file = "protobuf-3.18.3-cp39-cp39-manylinux2014_aarch64.whl", hash = "sha256:a7f91a4e5bf3cc58b2830c9cb01b04ac5e211c288048e9296cd407ec0455fb89"},
    {file = "protobuf-3.18.3-cp39-cp39-manylinux_2_17_x86_64.manylinux2014_x86_64.whl", hash = "sha256:6380aae2683d0d1b41199e591c8ba06f867e8a778d44309af87073c1b34a9f3a"},
    {file = "protobuf-3.18.3-cp39-cp39-win32.whl", hash = "sha256:98d414513ec44bb3ba77ebdeffcbbe6ebbf3630c767d37a285890c2414fdd4e2"},
    {file = "protobuf-3.18.3-cp39-cp39-win_amd64.whl", hash = "sha256:93bca9aaeee8008e15696c2a6b5e56b992da03f9d237ff54310e397d635f8305"},
    {file = "protobuf-3.18.3-py2.py3-none-any.whl", hash = "sha256:abbcb8ecd19cfb729b9b71f9a453e37c0c1c017be4bff47804ff25150685386d"},
    {file = "protobuf-3.18.3.tar.gz", hash = "sha256:196a153e487c0e20d62259872bbf2e1c4fa18e2ce97e20984fcbf9d8b151058d"},
]

[[package]]
name = "six"
version = "1.13.0"
description = "Python 2 and 3 compatibility utilities"
category = "main"
optional = false
python-versions = ">=2.6, !=3.0.*, !=3.1.*"
files = [
    {file = "six-1.13.0-py2.py3-none-any.whl", hash = "sha256:1f1b7d42e254082a9db6279deae68afb421ceba6158efa6131de7b3003ee93fd"},
    {file = "six-1.13.0.tar.gz", hash = "sha256:30f610279e8b2578cab6db20741130331735c781b56053c59c4076da27f06b66"},
]

[metadata]
lock-version = "2.0"
python-versions = "^3.8"
content-hash = "a8234fc760d8578533f9e45484c45631a4fe3bad8f06e6fb9de2fd2110934836"
