# This file is automatically @generated by Poetry 1.5.1 and should not be changed by hand.

[[package]]
name = "grpcio"
version = "1.53.0"
description = "HTTP/2-based RPC framework"
optional = false
python-versions = ">=3.7"
files = [
    {file = "grpcio-1.53.0-cp310-cp310-linux_armv7l.whl", hash = "sha256:752d2949b40e12e6ad3ed8cc552a65b54d226504f6b1fb67cab2ccee502cc06f"},
    {file = "grpcio-1.53.0-cp310-cp310-macosx_12_0_universal2.whl", hash = "sha256:8a48fd3a7222be226bb86b7b413ad248f17f3101a524018cdc4562eeae1eb2a3"},
    {file = "grpcio-1.53.0-cp310-cp310-manylinux_2_17_aarch64.whl", hash = "sha256:f3e837d29f0e1b9d6e7b29d569e2e9b0da61889e41879832ea15569c251c303a"},
    {file = "grpcio-1.53.0-cp310-cp310-manylinux_2_17_i686.manylinux2014_i686.whl", hash = "sha256:aef7d30242409c3aa5839b501e877e453a2c8d3759ca8230dd5a21cda029f046"},
    {file = "grpcio-1.53.0-cp310-cp310-manylinux_2_17_x86_64.manylinux2014_x86_64.whl", hash = "sha256:e6f90698b5d1c5dd7b3236cd1fa959d7b80e17923f918d5be020b65f1c78b173"},
    {file = "grpcio-1.53.0-cp310-cp310-musllinux_1_1_i686.whl", hash = "sha256:a96c3c7f564b263c5d7c0e49a337166c8611e89c4c919f66dba7b9a84abad137"},
    {file = "grpcio-1.53.0-cp310-cp310-musllinux_1_1_x86_64.whl", hash = "sha256:ee81349411648d1abc94095c68cd25e3c2812e4e0367f9a9355be1e804a5135c"},
    {file = "grpcio-1.53.0-cp310-cp310-win32.whl", hash = "sha256:fdc6191587de410a184550d4143e2b24a14df495c86ca15e59508710681690ac"},
    {file = "grpcio-1.53.0-cp310-cp310-win_amd64.whl", hash = "sha256:658ffe1e39171be00490db5bd3b966f79634ac4215a1eb9a85c6cd6783bf7f6e"},
    {file = "grpcio-1.53.0-cp311-cp311-linux_armv7l.whl", hash = "sha256:1b172e6d497191940c4b8d75b53de82dc252e15b61de2951d577ec5b43316b29"},
    {file = "grpcio-1.53.0-cp311-cp311-macosx_10_10_universal2.whl", hash = "sha256:82434ba3a5935e47908bc861ce1ebc43c2edfc1001d235d6e31e5d3ed55815f7"},
    {file = "grpcio-1.53.0-cp311-cp311-manylinux_2_17_aarch64.whl", hash = "sha256:1c734a2d4843e4e14ececf5600c3c4750990ec319e1299db7e4f0d02c25c1467"},
    {file = "grpcio-1.53.0-cp311-cp311-manylinux_2_17_i686.manylinux2014_i686.whl", hash = "sha256:b6a2ead3de3b2d53119d473aa2f224030257ef33af1e4ddabd4afee1dea5f04c"},
    {file = "grpcio-1.53.0-cp311-cp311-manylinux_2_17_x86_64.manylinux2014_x86_64.whl", hash = "sha256:a34d6e905f071f9b945cabbcc776e2055de1fdb59cd13683d9aa0a8f265b5bf9"},
    {file = "grpcio-1.53.0-cp311-cp311-musllinux_1_1_i686.whl", hash = "sha256:eaf8e3b97caaf9415227a3c6ca5aa8d800fecadd526538d2bf8f11af783f1550"},
    {file = "grpcio-1.53.0-cp311-cp311-musllinux_1_1_x86_64.whl", hash = "sha256:da95778d37be8e4e9afca771a83424f892296f5dfb2a100eda2571a1d8bbc0dc"},
    {file = "grpcio-1.53.0-cp311-cp311-win32.whl", hash = "sha256:e4f513d63df6336fd84b74b701f17d1bb3b64e9d78a6ed5b5e8a198bbbe8bbfa"},
    {file = "grpcio-1.53.0-cp311-cp311-win_amd64.whl", hash = "sha256:ddb2511fbbb440ed9e5c9a4b9b870f2ed649b7715859fd6f2ebc585ee85c0364"},
    {file = "grpcio-1.53.0-cp37-cp37m-linux_armv7l.whl", hash = "sha256:2a912397eb8d23c177d6d64e3c8bc46b8a1c7680b090d9f13a640b104aaec77c"},
    {file = "grpcio-1.53.0-cp37-cp37m-macosx_10_10_universal2.whl", hash = "sha256:55930c56b8f5b347d6c8c609cc341949a97e176c90f5cbb01d148d778f3bbd23"},
    {file = "grpcio-1.53.0-cp37-cp37m-manylinux_2_17_aarch64.whl", hash = "sha256:6601d812105583948ab9c6e403a7e2dba6e387cc678c010e74f2d6d589d1d1b3"},
    {file = "grpcio-1.53.0-cp37-cp37m-manylinux_2_17_i686.manylinux2014_i686.whl", hash = "sha256:c705e0c21acb0e8478a00e7e773ad0ecdb34bd0e4adc282d3d2f51ba3961aac7"},
    {file = "grpcio-1.53.0-cp37-cp37m-manylinux_2_17_x86_64.manylinux2014_x86_64.whl", hash = "sha256:ba074af9ca268ad7b05d3fc2b920b5fb3c083da94ab63637aaf67f4f71ecb755"},
    {file = "grpcio-1.53.0-cp37-cp37m-musllinux_1_1_i686.whl", hash = "sha256:14817de09317dd7d3fbc8272864288320739973ef0f4b56bf2c0032349da8cdf"},
    {file = "grpcio-1.53.0-cp37-cp37m-musllinux_1_1_x86_64.whl", hash = "sha256:c7ad9fbedb93f331c2e9054e202e95cf825b885811f1bcbbdfdc301e451442db"},
    {file = "grpcio-1.53.0-cp37-cp37m-win_amd64.whl", hash = "sha256:dad5b302a4c21c604d88a5d441973f320134e6ff6a84ecef9c1139e5ffd466f6"},
    {file = "grpcio-1.53.0-cp38-cp38-linux_armv7l.whl", hash = "sha256:fa8eaac75d3107e3f5465f2c9e3bbd13db21790c6e45b7de1756eba16b050aca"},
    {file = "grpcio-1.53.0-cp38-cp38-macosx_10_10_universal2.whl", hash = "sha256:104a2210edd3776c38448b4f76c2f16e527adafbde171fc72a8a32976c20abc7"},
    {file = "grpcio-1.53.0-cp38-cp38-manylinux_2_17_aarch64.whl", hash = "sha256:dbc1ba968639c1d23476f75c356e549e7bbf2d8d6688717dcab5290e88e8482b"},
    {file = "grpcio-1.53.0-cp38-cp38-manylinux_2_17_i686.manylinux2014_i686.whl", hash = "sha256:95952d3fe795b06af29bb8ec7bbf3342cdd867fc17b77cc25e6733d23fa6c519"},
    {file = "grpcio-1.53.0-cp38-cp38-manylinux_2_17_x86_64.manylinux2014_x86_64.whl", hash = "sha256:f144a790f14c51b8a8e591eb5af40507ffee45ea6b818c2482f0457fec2e1a2e"},
    {file = "grpcio-1.53.0-cp38-cp38-musllinux_1_1_i686.whl", hash = "sha256:0698c094688a2dd4c7c2f2c0e3e142cac439a64d1cef6904c97f6cde38ba422f"},
    {file = "grpcio-1.53.0-cp38-cp38-musllinux_1_1_x86_64.whl", hash = "sha256:6b6d60b0958be711bab047e9f4df5dbbc40367955f8651232bfdcdd21450b9ab"},
    {file = "grpcio-1.53.0-cp38-cp38-win32.whl", hash = "sha256:1948539ce78805d4e6256ab0e048ec793956d54787dc9d6777df71c1d19c7f81"},
    {file = "grpcio-1.53.0-cp38-cp38-win_amd64.whl", hash = "sha256:df9ba1183b3f649210788cf80c239041dddcb375d6142d8bccafcfdf549522cd"},
    {file = "grpcio-1.53.0-cp39-cp39-linux_armv7l.whl", hash = "sha256:19caa5b7282a89b799e63776ff602bb39604f7ca98db6df27e2de06756ae86c3"},
    {file = "grpcio-1.53.0-cp39-cp39-macosx_10_10_universal2.whl", hash = "sha256:b5bd026ac928c96cc23149e6ef79183125542062eb6d1ccec34c0a37e02255e7"},
    {file = "grpcio-1.53.0-cp39-cp39-manylinux_2_17_aarch64.whl", hash = "sha256:7dc8584ca6c015ad82e186e82f4c0fe977394588f66b8ecfc4ec873285314619"},
    {file = "grpcio-1.53.0-cp39-cp39-manylinux_2_17_i686.manylinux2014_i686.whl", hash = "sha256:2eddaae8af625e45b5c8500dcca1043264d751a6872cde2eda5022df8a336959"},
    {file = "grpcio-1.53.0-cp39-cp39-manylinux_2_17_x86_64.manylinux2014_x86_64.whl", hash = "sha256:c5fb6f3d7824696c1c9f2ad36ddb080ba5a86f2d929ef712d511b4d9972d3d27"},
    {file = "grpcio-1.53.0-cp39-cp39-musllinux_1_1_i686.whl", hash = "sha256:8270d1dc2c98ab57e6dbf36fa187db8df4c036f04a398e5d5e25b4e01a766d70"},
    {file = "grpcio-1.53.0-cp39-cp39-musllinux_1_1_x86_64.whl", hash = "sha256:976a7f24eb213e8429cab78d5e120500dfcdeb01041f1f5a77b17b9101902615"},
    {file = "grpcio-1.53.0-cp39-cp39-win32.whl", hash = "sha256:9c84a481451e7174f3a764a44150f93b041ab51045aa33d7b5b68b6979114e48"},
    {file = "grpcio-1.53.0-cp39-cp39-win_amd64.whl", hash = "sha256:6beb84f83360ff29a3654f43f251ec11b809dcb5524b698d711550243debd289"},
    {file = "grpcio-1.53.0.tar.gz", hash = "sha256:a4952899b4931a6ba12951f9a141ef3e74ff8a6ec9aa2dc602afa40f63595e33"},
]

[package.extras]
protobuf = ["grpcio-tools (>=1.53.0)"]

[[package]]
name = "grpcio-tools"
version = "1.26.0"
description = "Protobuf code generator for gRPC"
optional = false
python-versions = "*"
files = [
    {file = "grpcio-tools-1.26.0.tar.gz", hash = "sha256:5580b86cf49936c9c74f0def44d3582a7a1bb720eba8a14805c3a61efa790c70"},
    {file = "grpcio_tools-1.26.0-cp27-cp27m-macosx_10_9_x86_64.whl", hash = "sha256:809d60f15a32c21dc221ddb591aff8adfdde4e05095414eb8e015cdfef361615"},
    {file = "grpcio_tools-1.26.0-cp27-cp27m-manylinux1_i686.whl", hash = "sha256:675918f83fa35bd54f4c29d95d8652c6215d5e95a13b6f14e626cdef6d0fce79"},
    {file = "grpcio_tools-1.26.0-cp27-cp27m-manylinux1_x86_64.whl", hash = "sha256:826c19f26b41e99691e77823ad67f04dc0b69e514212907695e330c6f106415c"},
    {file = "grpcio_tools-1.26.0-cp27-cp27m-manylinux2010_i686.whl", hash = "sha256:4e9a1276f8699d06518cec8caceb2c423fc7f971765cab7550d39f281795fd81"},
    {file = "grpcio_tools-1.26.0-cp27-cp27m-manylinux2010_x86_64.whl", hash = "sha256:51ac9c4f8a542cd20c6776fde781c84c0acd8faba55ec14f121c6b4eb4245e89"},
    {file = "grpcio_tools-1.26.0-cp27-cp27m-win32.whl", hash = "sha256:a209002e3d4787f0e90e29f15cddbe83dc9054238c0da7f539c913002a348cc1"},
    {file = "grpcio_tools-1.26.0-cp27-cp27m-win_amd64.whl", hash = "sha256:376a1840d1f5d25e9c3391557d6b3eeb3de17be697b0e55d8247d0262fcbaacf"},
    {file = "grpcio_tools-1.26.0-cp27-cp27mu-linux_armv7l.whl", hash = "sha256:bba8d3b61ec113bb94596599d2568217b22ddfc7baa46c00dec5106cfd4e914b"},
    {file = "grpcio_tools-1.26.0-cp27-cp27mu-manylinux1_i686.whl", hash = "sha256:1e80f74854bd1c7263942e836d69f95ffc66bb45bf14bf3e1ab61113271b5884"},
    {file = "grpcio_tools-1.26.0-cp27-cp27mu-manylinux1_x86_64.whl", hash = "sha256:dcbd1fbb540638c9ad9c3a071b392b654f79666a2bc12808080b0e9f674b9a80"},
    {file = "grpcio_tools-1.26.0-cp27-cp27mu-manylinux2010_i686.whl", hash = "sha256:6cea124cbd9081a587e1954b98e9a27c7cca6ae72babc3046ab6b439a5730679"},
    {file = "grpcio_tools-1.26.0-cp27-cp27mu-manylinux2010_x86_64.whl", hash = "sha256:ab841c69581085b6f9aa54044a13db6ec31183513f7cce0862d29c9b7b4e3c64"},
    {file = "grpcio_tools-1.26.0-cp35-cp35m-linux_armv7l.whl", hash = "sha256:1783b8fa74f58a643e7780112fc4eb6110789672e852a691fad6af6b94a90c4a"},
    {file = "grpcio_tools-1.26.0-cp35-cp35m-macosx_10_9_intel.whl", hash = "sha256:033a4e80dc78d9c11860800bd5a66b65ff385be8f669e96b02e795364c860597"},
    {file = "grpcio_tools-1.26.0-cp35-cp35m-manylinux1_i686.whl", hash = "sha256:eae371a663ceeef8f930323a120a9d11e13e1c49903a66ddb4ada4830d5bcb7d"},
    {file = "grpcio_tools-1.26.0-cp35-cp35m-manylinux1_x86_64.whl", hash = "sha256:b97e74ffe121dfa9ae7ec94393fce4e95e9e0a343827663e989dc4b7c918d1a5"},
    {file = "grpcio_tools-1.26.0-cp35-cp35m-manylinux2010_i686.whl", hash = "sha256:da75e33e185c8be17a82ec4a97f5c75ec05d57e85f8b285f86e2a22484849e4a"},
    {file = "grpcio_tools-1.26.0-cp35-cp35m-manylinux2010_x86_64.whl", hash = "sha256:facb8c588cdd6adc51ae7545f59283565dae8d946c6163e578b70ab6bf161215"},
    {file = "grpcio_tools-1.26.0-cp35-cp35m-win32.whl", hash = "sha256:68259fd06188951d152665ffe44f9660edd715c102ae4bc4216eca4c4666dadf"},
    {file = "grpcio_tools-1.26.0-cp35-cp35m-win_amd64.whl", hash = "sha256:d396fdb7026986e6d3897bb207cc7d5bc536a82a2e50af806a24b3d254c73bc3"},
    {file = "grpcio_tools-1.26.0-cp36-cp36m-linux_armv7l.whl", hash = "sha256:9af72b764b41ba939e8e0a7ae9ec8a17d1c46a18797c6342cba6483f29e1790f"},
    {file = "grpcio_tools-1.26.0-cp36-cp36m-macosx_10_9_x86_64.whl", hash = "sha256:9a2091371298f04ef350f776365945537d0befa95bad5623d80c4207bdff9d3a"},
    {file = "grpcio_tools-1.26.0-cp36-cp36m-manylinux1_i686.whl", hash = "sha256:7f7430434bd997584f2136a675559ba0d4afdf7cb71d9bbc429b0cc831e6828c"},
    {file = "grpcio_tools-1.26.0-cp36-cp36m-manylinux1_x86_64.whl", hash = "sha256:58a879208bd84d6819a61c1b0618655574ef9df1d63a0e2f434fdcb5cfa1fb57"},
    {file = "grpcio_tools-1.26.0-cp36-cp36m-manylinux2010_i686.whl", hash = "sha256:c15f0718cbc3986e747d5b0734198dce0ac07d188ec5e063b1e9889ac947f86e"},
    {file = "grpcio_tools-1.26.0-cp36-cp36m-manylinux2010_x86_64.whl", hash = "sha256:d62ab00dea7fa0813fc813a6c848da2eeda5cb71893b892a229d23949de0cecd"},
    {file = "grpcio_tools-1.26.0-cp36-cp36m-win32.whl", hash = "sha256:0e3b5469912430f19407ebe14cfd1bece1b5a277c4d43e1b65dbff19d9475ccc"},
    {file = "grpcio_tools-1.26.0-cp36-cp36m-win_amd64.whl", hash = "sha256:a908d5af2f26673e970c7c03703437bf95d10e88dad3322e7e267467db44a04d"},
    {file = "grpcio_tools-1.26.0-cp37-cp37m-macosx_10_9_x86_64.whl", hash = "sha256:0286f704e55e3012fec3910400fe1a4ed11aeb66d3ec4b7f8041845af7fb7206"},
    {file = "grpcio_tools-1.26.0-cp37-cp37m-manylinux1_i686.whl", hash = "sha256:6f356a445ba7afc634b1046d9f51d3ae37afbf4fe1a500285aca37677462a7b9"},
    {file = "grpcio_tools-1.26.0-cp37-cp37m-manylinux1_x86_64.whl", hash = "sha256:4ba7e5afc93b413bbb5f3dd65ba583e078ff5895a5053d825ab793cf7720ae96"},
    {file = "grpcio_tools-1.26.0-cp37-cp37m-manylinux2010_i686.whl", hash = "sha256:33c6bee5a02408018dc10a5737818d2159f14cbb0613df41cc93ba6cbaeea095"},
    {file = "grpcio_tools-1.26.0-cp37-cp37m-manylinux2010_x86_64.whl", hash = "sha256:96c6f657b93f49243d083840d27a5a686a1fc26044a80ebf8585734d5152d4ee"},
    {file = "grpcio_tools-1.26.0-cp37-cp37m-win32.whl", hash = "sha256:fb043e45f91634776acdfe4b8dfc96b636c53a458799179041ab633e15c3d833"},
    {file = "grpcio_tools-1.26.0-cp37-cp37m-win_amd64.whl", hash = "sha256:f290cccc972533a288c2ebc55eb3c0fbe0c6a0d0a9775cb34ce6bfb11fe14a11"},
    {file = "grpcio_tools-1.26.0-cp38-cp38-macosx_10_9_x86_64.whl", hash = "sha256:c56d0ac769bf1f01dbb6ec6b6492849e70cd35bdeeb660e206a70ab43917ae92"},
    {file = "grpcio_tools-1.26.0-cp38-cp38-manylinux1_i686.whl", hash = "sha256:131aa8c3862a555819428856f872ab9e919e351d7cd60c98012e12d2fb6afc45"},
    {file = "grpcio_tools-1.26.0-cp38-cp38-manylinux1_x86_64.whl", hash = "sha256:b1bc78efefb8e085c072add2c02326fdecad9b8644b3be11e715ea4c6102ad87"},
    {file = "grpcio_tools-1.26.0-cp38-cp38-manylinux2010_i686.whl", hash = "sha256:bfe0e33aea60da100b214c72c1746cc0194bb8da910004518c185041cc795543"},
    {file = "grpcio_tools-1.26.0-cp38-cp38-manylinux2010_x86_64.whl", hash = "sha256:27ae784acff3d2fa04e3b4dc72f8d60a55d654f90e410adf08f46a4d2d673dd3"},
    {file = "grpcio_tools-1.26.0-cp38-cp38-win32.whl", hash = "sha256:3922dffd8160d54dc00c7d32b30776a974cc098086493c668faffac19e752087"},
    {file = "grpcio_tools-1.26.0-cp38-cp38-win_amd64.whl", hash = "sha256:e7e90bad5466347a3648358e9f437e72d5f6d6025fe741171a88aca8b9d864df"},
]

[package.dependencies]
grpcio = ">=1.26.0"
protobuf = ">=3.5.0.post1"

[[package]]
name = "protobuf"
version = "3.18.3"
description = "Protocol Buffers"
optional = false
python-versions = ">=3.5"
files = [
    {file = "protobuf-3.18.3-cp36-cp36m-macosx_10_9_x86_64.whl", hash = "sha256:370a6b885e94adda021d4cbe43accdfbf6a02af651a0be337a28906a3fa77f3d"},
    {file = "protobuf-3.18.3-cp36-cp36m-manylinux_2_17_x86_64.manylinux2014_x86_64.whl", hash = "sha256:6741d7d1cfcbdd6cf610f38b7976cf8c0b41022203555298925e4061b6616608"},
    {file = "protobuf-3.18.3-cp36-cp36m-win32.whl", hash = "sha256:3149c373e9b7ce296bb24d42a3eb677d620185b5dff2c390b2cf57baf79afdc1"},
    {file = "protobuf-3.18.3-cp36-cp36m-win_amd64.whl", hash = "sha256:850da2072d98c6e576b7eb29734cdde6fd9f5d157e43d7818d79f4b373ef5d51"},
    {file = "protobuf-3.18.3-cp37-cp37m-macosx_10_9_x86_64.whl", hash = "sha256:0c44e01f74109decea196b5b313b08edb5316df77313995594a6981e95674259"},
    {file = "protobuf-3.18.3-cp37-cp37m-manylinux2014_aarch64.whl", hash = "sha256:85d1fb5ff1d638a0045bbe4f01a8f287023aa4f2b29011445b1be0edc74a2103"},
    {file = "protobuf-3.18.3-cp37-cp37m-manylinux_2_17_x86_64.manylinux2014_x86_64.whl", hash = "sha256:cde2a73b03049b904dbc5d0f500b97e11abb4109dbe2940e6a1595e2eef4e8a9"},
    {file = "protobuf-3.18.3-cp37-cp37m-win32.whl", hash = "sha256:b03966ca4d1aa7850f5bf0d841c22a8eeb6ce091f77e585ffeb8b95a6b0a96c4"},
    {file = "protobuf-3.18.3-cp37-cp37m-win_amd64.whl", hash = "sha256:d52a687e2c74c40f45abd6906f833d4e40f0f8cfa4226a80e4695fedafe6c57e"},
    {file = "protobuf-3.18.3-cp38-cp38-macosx_10_9_x86_64.whl", hash = "sha256:700787cb56b4cb7b8ed5f7d197b9d8f30080f257f3c7431eec1fdd8060660929"},
    {file = "protobuf-3.18.3-cp38-cp38-manylinux2014_aarch64.whl", hash = "sha256:e9bffd52d6ee039a1cafb72475b2900c6fd0f0dca667fb7a09af0a3e119e78cb"},
    {file = "protobuf-3.18.3-cp38-cp38-manylinux_2_17_x86_64.manylinux2014_x86_64.whl", hash = "sha256:8117b52c2531e4033f7d02b9be5a78564da41a8b02c255e1b731ad4bd75e7dc0"},
    {file = "protobuf-3.18.3-cp38-cp38-win32.whl", hash = "sha256:15cdecb0d192ab5f17cdc21a9c0ae7b5c6c4451e42c8a888a4f3344c190e369c"},
    {file = "protobuf-3.18.3-cp38-cp38-win_amd64.whl", hash = "sha256:e68ad00695547d9397dd14abd3efba23cb31cef67228f4512d41396971889812"},
    {file = "protobuf-3.18.3-cp39-cp39-macosx_10_9_x86_64.whl", hash = "sha256:474247630834f93214fafce49d2ee6ff4c036c8c5382b88432b7eae6f08f131b"},
    {file = "protobuf-3.18.3-cp39-cp39-manylinux2014_aarch64.whl", hash = "sha256:a7f91a4e5bf3cc58b2830c9cb01b04ac5e211c288048e9296cd407ec0455fb89"},
    {file = "protobuf-3.18.3-cp39-cp39-manylinux_2_17_x86_64.manylinux2014_x86_64.whl", hash = "sha256:6380aae2683d0d1b41199e591c8ba06f867e8a778d44309af87073c1b34a9f3a"},
    {file = "protobuf-3.18.3-cp39-cp39-win32.whl", hash = "sha256:98d414513ec44bb3ba77ebdeffcbbe6ebbf3630c767d37a285890c2414fdd4e2"},
    {file = "protobuf-3.18.3-cp39-cp39-win_amd64.whl", hash = "sha256:93bca9aaeee8008e15696c2a6b5e56b992da03f9d237ff54310e397d635f8305"},
    {file = "protobuf-3.18.3-py2.py3-none-any.whl", hash = "sha256:abbcb8ecd19cfb729b9b71f9a453e37c0c1c017be4bff47804ff25150685386d"},
    {file = "protobuf-3.18.3.tar.gz", hash = "sha256:196a153e487c0e20d62259872bbf2e1c4fa18e2ce97e20984fcbf9d8b151058d"},
]

[metadata]
lock-version = "2.0"
python-versions = "^3.8"
content-hash = "79d68d49ff4fc41d2ae54fbdf321dd5fdc14e4e8fbe0836ff57a7de4b9c313ab"
